
Microsoft Visual Studio Solution File, Format Version 12.00
# Visual Studio 15
VisualStudioVersion = 15.0.27703.2026
MinimumVisualStudioVersion = 10.0.40219.1
Project("{FAE04EC0-301F-11D3-BF4B-00C04F79EFBC}") = "SmartHouse.Android", "SmartHouse\SmartHouse.Android\SmartHouse.Android.csproj", "{F9EBB5C8-37E4-4136-B1D9-83EE59E5E5F9}"
EndProject
Project("{FAE04EC0-301F-11D3-BF4B-00C04F79EFBC}") = "SmartHouse.iOS", "SmartHouse\SmartHouse.iOS\SmartHouse.iOS.csproj", "{DC690AA4-288D-43AE-BCF0-246C39047FAA}"
EndProject
Project("{FAE04EC0-301F-11D3-BF4B-00C04F79EFBC}") = "SmartHouse.UWP", "SmartHouse\SmartHouse.UWP\SmartHouse.UWP.csproj", "{7C99DAEC-7C38-4E3B-97ED-DBEEEBF8F9BF}"
EndProject
Project("{D954291E-2A0B-460D-934E-DC6B0785DB48}") = "SmartHouse", "SmartHouse\SmartHouse\SmartHouse.shproj", "{F30AF36E-B88A-4A24-9942-7285B1E2B1DF}"
EndProject
Global
	GlobalSection(SharedMSBuildProjectFiles) = preSolution
		SmartHouse\SmartHouse\SmartHouse.projitems*{7c99daec-7c38-4e3b-97ed-dbeeebf8f9bf}*SharedItemsImports = 4
		SmartHouse\SmartHouse\SmartHouse.projitems*{dc690aa4-288d-43ae-bcf0-246c39047faa}*SharedItemsImports = 4
		SmartHouse\SmartHouse\SmartHouse.projitems*{f30af36e-b88a-4a24-9942-7285b1e2b1df}*SharedItemsImports = 13
		SmartHouse\SmartHouse\SmartHouse.projitems*{f9ebb5c8-37e4-4136-b1d9-83ee59e5e5f9}*SharedItemsImports = 4
	EndGlobalSection
	GlobalSection(SolutionConfigurationPlatforms) = preSolution
		Ad-Hoc|Any CPU = Ad-Hoc|Any CPU
		Ad-Hoc|ARM = Ad-Hoc|ARM
		Ad-Hoc|iPhone = Ad-Hoc|iPhone
		Ad-Hoc|iPhoneSimulator = Ad-Hoc|iPhoneSimulator
		Ad-Hoc|x64 = Ad-Hoc|x64
		Ad-Hoc|x86 = Ad-Hoc|x86
		AppStore|Any CPU = AppStore|Any CPU
		AppStore|ARM = AppStore|ARM
		AppStore|iPhone = AppStore|iPhone
		AppStore|iPhoneSimulator = AppStore|iPhoneSimulator
		AppStore|x64 = AppStore|x64
		AppStore|x86 = AppStore|x86
		Debug|Any CPU = Debug|Any CPU
		Debug|ARM = Debug|ARM
		Debug|iPhone = Debug|iPhone
		Debug|iPhoneSimulator = Debug|iPhoneSimulator
		Debug|x64 = Debug|x64
		Debug|x86 = Debug|x86
		Release|Any CPU = Release|Any CPU
		Release|ARM = Release|ARM
		Release|iPhone = Release|iPhone
		Release|iPhoneSimulator = Release|iPhoneSimulator
		Release|x64 = Release|x64
		Release|x86 = Release|x86
	EndGlobalSection
	GlobalSection(ProjectConfigurationPlatforms) = postSolution
		{F9EBB5C8-37E4-4136-B1D9-83EE59E5E5F9}.Ad-Hoc|Any CPU.ActiveCfg = Release|Any CPU
		{F9EBB5C8-37E4-4136-B1D9-83EE59E5E5F9}.Ad-Hoc|Any CPU.Build.0 = Release|Any CPU
		{F9EBB5C8-37E4-4136-B1D9-83EE59E5E5F9}.Ad-Hoc|Any CPU.Deploy.0 = Release|Any CPU
		{F9EBB5C8-37E4-4136-B1D9-83EE59E5E5F9}.Ad-Hoc|ARM.ActiveCfg = Release|Any CPU
		{F9EBB5C8-37E4-4136-B1D9-83EE59E5E5F9}.Ad-Hoc|ARM.Build.0 = Release|Any CPU
		{F9EBB5C8-37E4-4136-B1D9-83EE59E5E5F9}.Ad-Hoc|ARM.Deploy.0 = Release|Any CPU
		{F9EBB5C8-37E4-4136-B1D9-83EE59E5E5F9}.Ad-Hoc|iPhone.ActiveCfg = Release|Any CPU
		{F9EBB5C8-37E4-4136-B1D9-83EE59E5E5F9}.Ad-Hoc|iPhone.Build.0 = Release|Any CPU
		{F9EBB5C8-37E4-4136-B1D9-83EE59E5E5F9}.Ad-Hoc|iPhone.Deploy.0 = Release|Any CPU
		{F9EBB5C8-37E4-4136-B1D9-83EE59E5E5F9}.Ad-Hoc|iPhoneSimulator.ActiveCfg = Release|Any CPU
		{F9EBB5C8-37E4-4136-B1D9-83EE59E5E5F9}.Ad-Hoc|iPhoneSimulator.Build.0 = Release|Any CPU
		{F9EBB5C8-37E4-4136-B1D9-83EE59E5E5F9}.Ad-Hoc|iPhoneSimulator.Deploy.0 = Release|Any CPU
		{F9EBB5C8-37E4-4136-B1D9-83EE59E5E5F9}.Ad-Hoc|x64.ActiveCfg = Release|Any CPU
		{F9EBB5C8-37E4-4136-B1D9-83EE59E5E5F9}.Ad-Hoc|x64.Build.0 = Release|Any CPU
		{F9EBB5C8-37E4-4136-B1D9-83EE59E5E5F9}.Ad-Hoc|x64.Deploy.0 = Release|Any CPU
		{F9EBB5C8-37E4-4136-B1D9-83EE59E5E5F9}.Ad-Hoc|x86.ActiveCfg = Release|Any CPU
		{F9EBB5C8-37E4-4136-B1D9-83EE59E5E5F9}.Ad-Hoc|x86.Build.0 = Release|Any CPU
		{F9EBB5C8-37E4-4136-B1D9-83EE59E5E5F9}.Ad-Hoc|x86.Deploy.0 = Release|Any CPU
		{F9EBB5C8-37E4-4136-B1D9-83EE59E5E5F9}.AppStore|Any CPU.ActiveCfg = Release|Any CPU
		{F9EBB5C8-37E4-4136-B1D9-83EE59E5E5F9}.AppStore|Any CPU.Build.0 = Release|Any CPU
		{F9EBB5C8-37E4-4136-B1D9-83EE59E5E5F9}.AppStore|Any CPU.Deploy.0 = Release|Any CPU
		{F9EBB5C8-37E4-4136-B1D9-83EE59E5E5F9}.AppStore|ARM.ActiveCfg = Release|Any CPU
		{F9EBB5C8-37E4-4136-B1D9-83EE59E5E5F9}.AppStore|ARM.Build.0 = Release|Any CPU
		{F9EBB5C8-37E4-4136-B1D9-83EE59E5E5F9}.AppStore|ARM.Deploy.0 = Release|Any CPU
		{F9EBB5C8-37E4-4136-B1D9-83EE59E5E5F9}.AppStore|iPhone.ActiveCfg = Release|Any CPU
		{F9EBB5C8-37E4-4136-B1D9-83EE59E5E5F9}.AppStore|iPhone.Build.0 = Release|Any CPU
		{F9EBB5C8-37E4-4136-B1D9-83EE59E5E5F9}.AppStore|iPhone.Deploy.0 = Release|Any CPU
		{F9EBB5C8-37E4-4136-B1D9-83EE59E5E5F9}.AppStore|iPhoneSimulator.ActiveCfg = Release|Any CPU
		{F9EBB5C8-37E4-4136-B1D9-83EE59E5E5F9}.AppStore|iPhoneSimulator.Build.0 = Release|Any CPU
		{F9EBB5C8-37E4-4136-B1D9-83EE59E5E5F9}.AppStore|iPhoneSimulator.Deploy.0 = Release|Any CPU
		{F9EBB5C8-37E4-4136-B1D9-83EE59E5E5F9}.AppStore|x64.ActiveCfg = Release|Any CPU
		{F9EBB5C8-37E4-4136-B1D9-83EE59E5E5F9}.AppStore|x64.Build.0 = Release|Any CPU
		{F9EBB5C8-37E4-4136-B1D9-83EE59E5E5F9}.AppStore|x64.Deploy.0 = Release|Any CPU
		{F9EBB5C8-37E4-4136-B1D9-83EE59E5E5F9}.AppStore|x86.ActiveCfg = Release|Any CPU
		{F9EBB5C8-37E4-4136-B1D9-83EE59E5E5F9}.AppStore|x86.Build.0 = Release|Any CPU
		{F9EBB5C8-37E4-4136-B1D9-83EE59E5E5F9}.AppStore|x86.Deploy.0 = Release|Any CPU
		{F9EBB5C8-37E4-4136-B1D9-83EE59E5E5F9}.Debug|Any CPU.ActiveCfg = Debug|Any CPU
		{F9EBB5C8-37E4-4136-B1D9-83EE59E5E5F9}.Debug|Any CPU.Build.0 = Debug|Any CPU
		{F9EBB5C8-37E4-4136-B1D9-83EE59E5E5F9}.Debug|Any CPU.Deploy.0 = Debug|Any CPU
		{F9EBB5C8-37E4-4136-B1D9-83EE59E5E5F9}.Debug|ARM.ActiveCfg = Debug|Any CPU
		{F9EBB5C8-37E4-4136-B1D9-83EE59E5E5F9}.Debug|ARM.Build.0 = Debug|Any CPU
		{F9EBB5C8-37E4-4136-B1D9-83EE59E5E5F9}.Debug|ARM.Deploy.0 = Debug|Any CPU
		{F9EBB5C8-37E4-4136-B1D9-83EE59E5E5F9}.Debug|iPhone.ActiveCfg = Debug|Any CPU
		{F9EBB5C8-37E4-4136-B1D9-83EE59E5E5F9}.Debug|iPhone.Build.0 = Debug|Any CPU
		{F9EBB5C8-37E4-4136-B1D9-83EE59E5E5F9}.Debug|iPhone.Deploy.0 = Debug|Any CPU
		{F9EBB5C8-37E4-4136-B1D9-83EE59E5E5F9}.Debug|iPhoneSimulator.ActiveCfg = Debug|Any CPU
		{F9EBB5C8-37E4-4136-B1D9-83EE59E5E5F9}.Debug|iPhoneSimulator.Build.0 = Debug|Any CPU
		{F9EBB5C8-37E4-4136-B1D9-83EE59E5E5F9}.Debug|iPhoneSimulator.Deploy.0 = Debug|Any CPU
		{F9EBB5C8-37E4-4136-B1D9-83EE59E5E5F9}.Debug|x64.ActiveCfg = Debug|Any CPU
		{F9EBB5C8-37E4-4136-B1D9-83EE59E5E5F9}.Debug|x64.Build.0 = Debug|Any CPU
		{F9EBB5C8-37E4-4136-B1D9-83EE59E5E5F9}.Debug|x64.Deploy.0 = Debug|Any CPU
		{F9EBB5C8-37E4-4136-B1D9-83EE59E5E5F9}.Debug|x86.ActiveCfg = Debug|Any CPU
		{F9EBB5C8-37E4-4136-B1D9-83EE59E5E5F9}.Debug|x86.Build.0 = Debug|Any CPU
		{F9EBB5C8-37E4-4136-B1D9-83EE59E5E5F9}.Debug|x86.Deploy.0 = Debug|Any CPU
		{F9EBB5C8-37E4-4136-B1D9-83EE59E5E5F9}.Release|Any CPU.ActiveCfg = Release|Any CPU
		{F9EBB5C8-37E4-4136-B1D9-83EE59E5E5F9}.Release|Any CPU.Build.0 = Release|Any CPU
		{F9EBB5C8-37E4-4136-B1D9-83EE59E5E5F9}.Release|Any CPU.Deploy.0 = Release|Any CPU
		{F9EBB5C8-37E4-4136-B1D9-83EE59E5E5F9}.Release|ARM.ActiveCfg = Release|Any CPU
		{F9EBB5C8-37E4-4136-B1D9-83EE59E5E5F9}.Release|ARM.Build.0 = Release|Any CPU
		{F9EBB5C8-37E4-4136-B1D9-83EE59E5E5F9}.Release|ARM.Deploy.0 = Release|Any CPU
		{F9EBB5C8-37E4-4136-B1D9-83EE59E5E5F9}.Release|iPhone.ActiveCfg = Release|Any CPU
		{F9EBB5C8-37E4-4136-B1D9-83EE59E5E5F9}.Release|iPhone.Build.0 = Release|Any CPU
		{F9EBB5C8-37E4-4136-B1D9-83EE59E5E5F9}.Release|iPhone.Deploy.0 = Release|Any CPU
		{F9EBB5C8-37E4-4136-B1D9-83EE59E5E5F9}.Release|iPhoneSimulator.ActiveCfg = Release|Any CPU
		{F9EBB5C8-37E4-4136-B1D9-83EE59E5E5F9}.Release|iPhoneSimulator.Build.0 = Release|Any CPU
		{F9EBB5C8-37E4-4136-B1D9-83EE59E5E5F9}.Release|iPhoneSimulator.Deploy.0 = Release|Any CPU
		{F9EBB5C8-37E4-4136-B1D9-83EE59E5E5F9}.Release|x64.ActiveCfg = Release|Any CPU
		{F9EBB5C8-37E4-4136-B1D9-83EE59E5E5F9}.Release|x64.Build.0 = Release|Any CPU
		{F9EBB5C8-37E4-4136-B1D9-83EE59E5E5F9}.Release|x64.Deploy.0 = Release|Any CPU
		{F9EBB5C8-37E4-4136-B1D9-83EE59E5E5F9}.Release|x86.ActiveCfg = Release|Any CPU
		{F9EBB5C8-37E4-4136-B1D9-83EE59E5E5F9}.Release|x86.Build.0 = Release|Any CPU
		{F9EBB5C8-37E4-4136-B1D9-83EE59E5E5F9}.Release|x86.Deploy.0 = Release|Any CPU
		{DC690AA4-288D-43AE-BCF0-246C39047FAA}.Ad-Hoc|Any CPU.ActiveCfg = Ad-Hoc|iPhone
		{DC690AA4-288D-43AE-BCF0-246C39047FAA}.Ad-Hoc|Any CPU.Build.0 = Ad-Hoc|iPhone
		{DC690AA4-288D-43AE-BCF0-246C39047FAA}.Ad-Hoc|Any CPU.Deploy.0 = Ad-Hoc|iPhone
		{DC690AA4-288D-43AE-BCF0-246C39047FAA}.Ad-Hoc|ARM.ActiveCfg = Ad-Hoc|iPhone
		{DC690AA4-288D-43AE-BCF0-246C39047FAA}.Ad-Hoc|ARM.Build.0 = Ad-Hoc|iPhone
		{DC690AA4-288D-43AE-BCF0-246C39047FAA}.Ad-Hoc|ARM.Deploy.0 = Ad-Hoc|iPhone
		{DC690AA4-288D-43AE-BCF0-246C39047FAA}.Ad-Hoc|iPhone.ActiveCfg = Ad-Hoc|iPhone
		{DC690AA4-288D-43AE-BCF0-246C39047FAA}.Ad-Hoc|iPhone.Build.0 = Ad-Hoc|iPhone
		{DC690AA4-288D-43AE-BCF0-246C39047FAA}.Ad-Hoc|iPhone.Deploy.0 = Ad-Hoc|iPhone
		{DC690AA4-288D-43AE-BCF0-246C39047FAA}.Ad-Hoc|iPhoneSimulator.ActiveCfg = Ad-Hoc|iPhoneSimulator
		{DC690AA4-288D-43AE-BCF0-246C39047FAA}.Ad-Hoc|iPhoneSimulator.Build.0 = Ad-Hoc|iPhoneSimulator
		{DC690AA4-288D-43AE-BCF0-246C39047FAA}.Ad-Hoc|iPhoneSimulator.Deploy.0 = Ad-Hoc|iPhoneSimulator
		{DC690AA4-288D-43AE-BCF0-246C39047FAA}.Ad-Hoc|x64.ActiveCfg = Ad-Hoc|iPhone
		{DC690AA4-288D-43AE-BCF0-246C39047FAA}.Ad-Hoc|x64.Build.0 = Ad-Hoc|iPhone
		{DC690AA4-288D-43AE-BCF0-246C39047FAA}.Ad-Hoc|x64.Deploy.0 = Ad-Hoc|iPhone
		{DC690AA4-288D-43AE-BCF0-246C39047FAA}.Ad-Hoc|x86.ActiveCfg = Ad-Hoc|iPhone
		{DC690AA4-288D-43AE-BCF0-246C39047FAA}.Ad-Hoc|x86.Build.0 = Ad-Hoc|iPhone
		{DC690AA4-288D-43AE-BCF0-246C39047FAA}.Ad-Hoc|x86.Deploy.0 = Ad-Hoc|iPhone
		{DC690AA4-288D-43AE-BCF0-246C39047FAA}.AppStore|Any CPU.ActiveCfg = AppStore|iPhone
		{DC690AA4-288D-43AE-BCF0-246C39047FAA}.AppStore|Any CPU.Build.0 = AppStore|iPhone
		{DC690AA4-288D-43AE-BCF0-246C39047FAA}.AppStore|Any CPU.Deploy.0 = AppStore|iPhone
		{DC690AA4-288D-43AE-BCF0-246C39047FAA}.AppStore|ARM.ActiveCfg = AppStore|iPhone
		{DC690AA4-288D-43AE-BCF0-246C39047FAA}.AppStore|ARM.Build.0 = AppStore|iPhone
		{DC690AA4-288D-43AE-BCF0-246C39047FAA}.AppStore|ARM.Deploy.0 = AppStore|iPhone
		{DC690AA4-288D-43AE-BCF0-246C39047FAA}.AppStore|iPhone.ActiveCfg = AppStore|iPhone
		{DC690AA4-288D-43AE-BCF0-246C39047FAA}.AppStore|iPhone.Build.0 = AppStore|iPhone
		{DC690AA4-288D-43AE-BCF0-246C39047FAA}.AppStore|iPhone.Deploy.0 = AppStore|iPhone
		{DC690AA4-288D-43AE-BCF0-246C39047FAA}.AppStore|iPhoneSimulator.ActiveCfg = AppStore|iPhoneSimulator
		{DC690AA4-288D-43AE-BCF0-246C39047FAA}.AppStore|iPhoneSimulator.Build.0 = AppStore|iPhoneSimulator
		{DC690AA4-288D-43AE-BCF0-246C39047FAA}.AppStore|iPhoneSimulator.Deploy.0 = AppStore|iPhoneSimulator
		{DC690AA4-288D-43AE-BCF0-246C39047FAA}.AppStore|x64.ActiveCfg = AppStore|iPhone
		{DC690AA4-288D-43AE-BCF0-246C39047FAA}.AppStore|x64.Build.0 = AppStore|iPhone
		{DC690AA4-288D-43AE-BCF0-246C39047FAA}.AppStore|x64.Deploy.0 = AppStore|iPhone
		{DC690AA4-288D-43AE-BCF0-246C39047FAA}.AppStore|x86.ActiveCfg = AppStore|iPhone
		{DC690AA4-288D-43AE-BCF0-246C39047FAA}.AppStore|x86.Build.0 = AppStore|iPhone
		{DC690AA4-288D-43AE-BCF0-246C39047FAA}.AppStore|x86.Deploy.0 = AppStore|iPhone
		{DC690AA4-288D-43AE-BCF0-246C39047FAA}.Debug|Any CPU.ActiveCfg = Debug|iPhoneSimulator
		{DC690AA4-288D-43AE-BCF0-246C39047FAA}.Debug|Any CPU.Build.0 = Debug|iPhoneSimulator
		{DC690AA4-288D-43AE-BCF0-246C39047FAA}.Debug|Any CPU.Deploy.0 = Debug|iPhoneSimulator
		{DC690AA4-288D-43AE-BCF0-246C39047FAA}.Debug|ARM.ActiveCfg = Debug|iPhone
		{DC690AA4-288D-43AE-BCF0-246C39047FAA}.Debug|ARM.Build.0 = Debug|iPhone
		{DC690AA4-288D-43AE-BCF0-246C39047FAA}.Debug|ARM.Deploy.0 = Debug|iPhone
		{DC690AA4-288D-43AE-BCF0-246C39047FAA}.Debug|iPhone.ActiveCfg = Debug|iPhone
		{DC690AA4-288D-43AE-BCF0-246C39047FAA}.Debug|iPhone.Build.0 = Debug|iPhone
		{DC690AA4-288D-43AE-BCF0-246C39047FAA}.Debug|iPhone.Deploy.0 = Debug|iPhone
		{DC690AA4-288D-43AE-BCF0-246C39047FAA}.Debug|iPhoneSimulator.ActiveCfg = Debug|iPhoneSimulator
		{DC690AA4-288D-43AE-BCF0-246C39047FAA}.Debug|iPhoneSimulator.Build.0 = Debug|iPhoneSimulator
		{DC690AA4-288D-43AE-BCF0-246C39047FAA}.Debug|iPhoneSimulator.Deploy.0 = Debug|iPhoneSimulator
		{DC690AA4-288D-43AE-BCF0-246C39047FAA}.Debug|x64.ActiveCfg = Debug|iPhone
		{DC690AA4-288D-43AE-BCF0-246C39047FAA}.Debug|x64.Build.0 = Debug|iPhone
		{DC690AA4-288D-43AE-BCF0-246C39047FAA}.Debug|x64.Deploy.0 = Debug|iPhone
		{DC690AA4-288D-43AE-BCF0-246C39047FAA}.Debug|x86.ActiveCfg = Debug|iPhone
		{DC690AA4-288D-43AE-BCF0-246C39047FAA}.Debug|x86.Build.0 = Debug|iPhone
		{DC690AA4-288D-43AE-BCF0-246C39047FAA}.Debug|x86.Deploy.0 = Debug|iPhone
		{DC690AA4-288D-43AE-BCF0-246C39047FAA}.Release|Any CPU.ActiveCfg = Release|iPhone
		{DC690AA4-288D-43AE-BCF0-246C39047FAA}.Release|Any CPU.Build.0 = Release|iPhone
		{DC690AA4-288D-43AE-BCF0-246C39047FAA}.Release|Any CPU.Deploy.0 = Release|iPhone
		{DC690AA4-288D-43AE-BCF0-246C39047FAA}.Release|ARM.ActiveCfg = Release|iPhone
		{DC690AA4-288D-43AE-BCF0-246C39047FAA}.Release|ARM.Build.0 = Release|iPhone
		{DC690AA4-288D-43AE-BCF0-246C39047FAA}.Release|ARM.Deploy.0 = Release|iPhone
		{DC690AA4-288D-43AE-BCF0-246C39047FAA}.Release|iPhone.ActiveCfg = Release|iPhone
		{DC690AA4-288D-43AE-BCF0-246C39047FAA}.Release|iPhone.Build.0 = Release|iPhone
		{DC690AA4-288D-43AE-BCF0-246C39047FAA}.Release|iPhone.Deploy.0 = Release|iPhone
		{DC690AA4-288D-43AE-BCF0-246C39047FAA}.Release|iPhoneSimulator.ActiveCfg = Release|iPhoneSimulator
		{DC690AA4-288D-43AE-BCF0-246C39047FAA}.Release|iPhoneSimulator.Build.0 = Release|iPhoneSimulator
		{DC690AA4-288D-43AE-BCF0-246C39047FAA}.Release|iPhoneSimulator.Deploy.0 = Release|iPhoneSimulator
		{DC690AA4-288D-43AE-BCF0-246C39047FAA}.Release|x64.ActiveCfg = Release|iPhone
		{DC690AA4-288D-43AE-BCF0-246C39047FAA}.Release|x64.Build.0 = Release|iPhone
		{DC690AA4-288D-43AE-BCF0-246C39047FAA}.Release|x64.Deploy.0 = Release|iPhone
		{DC690AA4-288D-43AE-BCF0-246C39047FAA}.Release|x86.ActiveCfg = Release|iPhone
		{DC690AA4-288D-43AE-BCF0-246C39047FAA}.Release|x86.Build.0 = Release|iPhone
		{DC690AA4-288D-43AE-BCF0-246C39047FAA}.Release|x86.Deploy.0 = Release|iPhone
		{7C99DAEC-7C38-4E3B-97ED-DBEEEBF8F9BF}.Ad-Hoc|Any CPU.ActiveCfg = Release|x86
		{7C99DAEC-7C38-4E3B-97ED-DBEEEBF8F9BF}.Ad-Hoc|Any CPU.Build.0 = Release|x86
		{7C99DAEC-7C38-4E3B-97ED-DBEEEBF8F9BF}.Ad-Hoc|Any CPU.Deploy.0 = Release|x86
		{7C99DAEC-7C38-4E3B-97ED-DBEEEBF8F9BF}.Ad-Hoc|ARM.ActiveCfg = Release|ARM
		{7C99DAEC-7C38-4E3B-97ED-DBEEEBF8F9BF}.Ad-Hoc|ARM.Build.0 = Release|ARM
		{7C99DAEC-7C38-4E3B-97ED-DBEEEBF8F9BF}.Ad-Hoc|ARM.Deploy.0 = Release|ARM
		{7C99DAEC-7C38-4E3B-97ED-DBEEEBF8F9BF}.Ad-Hoc|iPhone.ActiveCfg = Release|x86
		{7C99DAEC-7C38-4E3B-97ED-DBEEEBF8F9BF}.Ad-Hoc|iPhone.Build.0 = Release|x86
		{7C99DAEC-7C38-4E3B-97ED-DBEEEBF8F9BF}.Ad-Hoc|iPhone.Deploy.0 = Release|x86
		{7C99DAEC-7C38-4E3B-97ED-DBEEEBF8F9BF}.Ad-Hoc|iPhoneSimulator.ActiveCfg = Release|x86
		{7C99DAEC-7C38-4E3B-97ED-DBEEEBF8F9BF}.Ad-Hoc|iPhoneSimulator.Build.0 = Release|x86
		{7C99DAEC-7C38-4E3B-97ED-DBEEEBF8F9BF}.Ad-Hoc|iPhoneSimulator.Deploy.0 = Release|x86
		{7C99DAEC-7C38-4E3B-97ED-DBEEEBF8F9BF}.Ad-Hoc|x64.ActiveCfg = Release|x64
		{7C99DAEC-7C38-4E3B-97ED-DBEEEBF8F9BF}.Ad-Hoc|x64.Build.0 = Release|x64
		{7C99DAEC-7C38-4E3B-97ED-DBEEEBF8F9BF}.Ad-Hoc|x64.Deploy.0 = Release|x64
		{7C99DAEC-7C38-4E3B-97ED-DBEEEBF8F9BF}.Ad-Hoc|x86.ActiveCfg = Release|x86
		{7C99DAEC-7C38-4E3B-97ED-DBEEEBF8F9BF}.Ad-Hoc|x86.Build.0 = Release|x86
		{7C99DAEC-7C38-4E3B-97ED-DBEEEBF8F9BF}.Ad-Hoc|x86.Deploy.0 = Release|x86
		{7C99DAEC-7C38-4E3B-97ED-DBEEEBF8F9BF}.AppStore|Any CPU.ActiveCfg = Release|x86
		{7C99DAEC-7C38-4E3B-97ED-DBEEEBF8F9BF}.AppStore|Any CPU.Build.0 = Release|x86
		{7C99DAEC-7C38-4E3B-97ED-DBEEEBF8F9BF}.AppStore|Any CPU.Deploy.0 = Release|x86
		{7C99DAEC-7C38-4E3B-97ED-DBEEEBF8F9BF}.AppStore|ARM.ActiveCfg = Release|ARM
		{7C99DAEC-7C38-4E3B-97ED-DBEEEBF8F9BF}.AppStore|ARM.Build.0 = Release|ARM
		{7C99DAEC-7C38-4E3B-97ED-DBEEEBF8F9BF}.AppStore|ARM.Deploy.0 = Release|ARM
		{7C99DAEC-7C38-4E3B-97ED-DBEEEBF8F9BF}.AppStore|iPhone.ActiveCfg = Release|x86
		{7C99DAEC-7C38-4E3B-97ED-DBEEEBF8F9BF}.AppStore|iPhone.Build.0 = Release|x86
		{7C99DAEC-7C38-4E3B-97ED-DBEEEBF8F9BF}.AppStore|iPhone.Deploy.0 = Release|x86
		{7C99DAEC-7C38-4E3B-97ED-DBEEEBF8F9BF}.AppStore|iPhoneSimulator.ActiveCfg = Release|x86
		{7C99DAEC-7C38-4E3B-97ED-DBEEEBF8F9BF}.AppStore|iPhoneSimulator.Build.0 = Release|x86
		{7C99DAEC-7C38-4E3B-97ED-DBEEEBF8F9BF}.AppStore|iPhoneSimulator.Deploy.0 = Release|x86
		{7C99DAEC-7C38-4E3B-97ED-DBEEEBF8F9BF}.AppStore|x64.ActiveCfg = Release|x64
		{7C99DAEC-7C38-4E3B-97ED-DBEEEBF8F9BF}.AppStore|x64.Build.0 = Release|x64
		{7C99DAEC-7C38-4E3B-97ED-DBEEEBF8F9BF}.AppStore|x64.Deploy.0 = Release|x64
		{7C99DAEC-7C38-4E3B-97ED-DBEEEBF8F9BF}.AppStore|x86.ActiveCfg = Release|x86
		{7C99DAEC-7C38-4E3B-97ED-DBEEEBF8F9BF}.AppStore|x86.Build.0 = Release|x86
		{7C99DAEC-7C38-4E3B-97ED-DBEEEBF8F9BF}.AppStore|x86.Deploy.0 = Release|x86
		{7C99DAEC-7C38-4E3B-97ED-DBEEEBF8F9BF}.Debug|Any CPU.ActiveCfg = Debug|x86
		{7C99DAEC-7C38-4E3B-97ED-DBEEEBF8F9BF}.Debug|Any CPU.Build.0 = Debug|x86
		{7C99DAEC-7C38-4E3B-97ED-DBEEEBF8F9BF}.Debug|Any CPU.Deploy.0 = Debug|x86
		{7C99DAEC-7C38-4E3B-97ED-DBEEEBF8F9BF}.Debug|ARM.ActiveCfg = Debug|ARM
		{7C99DAEC-7C38-4E3B-97ED-DBEEEBF8F9BF}.Debug|ARM.Build.0 = Debug|ARM
		{7C99DAEC-7C38-4E3B-97ED-DBEEEBF8F9BF}.Debug|ARM.Deploy.0 = Debug|ARM
		{7C99DAEC-7C38-4E3B-97ED-DBEEEBF8F9BF}.Debug|iPhone.ActiveCfg = Debug|x86
		{7C99DAEC-7C38-4E3B-97ED-DBEEEBF8F9BF}.Debug|iPhone.Build.0 = Debug|x86
		{7C99DAEC-7C38-4E3B-97ED-DBEEEBF8F9BF}.Debug|iPhone.Deploy.0 = Debug|x86
		{7C99DAEC-7C38-4E3B-97ED-DBEEEBF8F9BF}.Debug|iPhoneSimulator.ActiveCfg = Debug|x86
		{7C99DAEC-7C38-4E3B-97ED-DBEEEBF8F9BF}.Debug|iPhoneSimulator.Build.0 = Debug|x86
		{7C99DAEC-7C38-4E3B-97ED-DBEEEBF8F9BF}.Debug|iPhoneSimulator.Deploy.0 = Debug|x86
		{7C99DAEC-7C38-4E3B-97ED-DBEEEBF8F9BF}.Debug|x64.ActiveCfg = Debug|x64
		{7C99DAEC-7C38-4E3B-97ED-DBEEEBF8F9BF}.Debug|x64.Build.0 = Debug|x64
		{7C99DAEC-7C38-4E3B-97ED-DBEEEBF8F9BF}.Debug|x64.Deploy.0 = Debug|x64
		{7C99DAEC-7C38-4E3B-97ED-DBEEEBF8F9BF}.Debug|x86.ActiveCfg = Debug|x86
		{7C99DAEC-7C38-4E3B-97ED-DBEEEBF8F9BF}.Debug|x86.Build.0 = Debug|x86
		{7C99DAEC-7C38-4E3B-97ED-DBEEEBF8F9BF}.Debug|x86.Deploy.0 = Debug|x86
		{7C99DAEC-7C38-4E3B-97ED-DBEEEBF8F9BF}.Release|Any CPU.ActiveCfg = Release|x86
		{7C99DAEC-7C38-4E3B-97ED-DBEEEBF8F9BF}.Release|Any CPU.Build.0 = Release|x86
		{7C99DAEC-7C38-4E3B-97ED-DBEEEBF8F9BF}.Release|Any CPU.Deploy.0 = Release|x86
		{7C99DAEC-7C38-4E3B-97ED-DBEEEBF8F9BF}.Release|ARM.ActiveCfg = Release|ARM
		{7C99DAEC-7C38-4E3B-97ED-DBEEEBF8F9BF}.Release|ARM.Build.0 = Release|ARM
		{7C99DAEC-7C38-4E3B-97ED-DBEEEBF8F9BF}.Release|ARM.Deploy.0 = Release|ARM
		{7C99DAEC-7C38-4E3B-97ED-DBEEEBF8F9BF}.Release|iPhone.ActiveCfg = Release|x86
		{7C99DAEC-7C38-4E3B-97ED-DBEEEBF8F9BF}.Release|iPhone.Build.0 = Release|x86
		{7C99DAEC-7C38-4E3B-97ED-DBEEEBF8F9BF}.Release|iPhone.Deploy.0 = Release|x86
		{7C99DAEC-7C38-4E3B-97ED-DBEEEBF8F9BF}.Release|iPhoneSimulator.ActiveCfg = Release|x86
		{7C99DAEC-7C38-4E3B-97ED-DBEEEBF8F9BF}.Release|iPhoneSimulator.Build.0 = Release|x86
		{7C99DAEC-7C38-4E3B-97ED-DBEEEBF8F9BF}.Release|iPhoneSimulator.Deploy.0 = Release|x86
		{7C99DAEC-7C38-4E3B-97ED-DBEEEBF8F9BF}.Release|x64.ActiveCfg = Release|x64
		{7C99DAEC-7C38-4E3B-97ED-DBEEEBF8F9BF}.Release|x64.Build.0 = Release|x64
		{7C99DAEC-7C38-4E3B-97ED-DBEEEBF8F9BF}.Release|x64.Deploy.0 = Release|x64
		{7C99DAEC-7C38-4E3B-97ED-DBEEEBF8F9BF}.Release|x86.ActiveCfg = Release|x86
		{7C99DAEC-7C38-4E3B-97ED-DBEEEBF8F9BF}.Release|x86.Build.0 = Release|x86
		{7C99DAEC-7C38-4E3B-97ED-DBEEEBF8F9BF}.Release|x86.Deploy.0 = Release|x86
	EndGlobalSection
	GlobalSection(SolutionProperties) = preSolution
		HideSolutionNode = FALSE
	EndGlobalSection
	GlobalSection(ExtensibilityGlobals) = postSolution
		SolutionGuid = {827829CB-6B43-41F8-9DE8-3AE632FDC097}
	EndGlobalSection
EndGlobal
